// !$*UTF8*$!
{
	archiveVersion = 1;
	classes = {
	};
	objectVersion = 56;
	objects = {

/* Begin PBXBuildFile section */
		450E7B92B482DA18BE0B67C5 /* Pods_App_AppUITests.framework in Frameworks */ = {isa = PBXBuildFile; fileRef = 5292C60113C45BF42D42331E /* Pods_App_AppUITests.framework */; };
		ADCB04BF9BD2F0DD0B9536C0 /* Pods_AppTests.framework in Frameworks */ = {isa = PBXBuildFile; fileRef = 5C8CD86E653BA5525312EEDA /* Pods_AppTests.framework */; };
		C7F455A3747FC7BE5C7CF652 /* Pods_App.framework in Frameworks */ = {isa = PBXBuildFile; fileRef = 6347DD74EC95421AC779429F /* Pods_App.framework */; };
		D53957222CA7E32700854FC8 /* AppDelegate.swift in Sources */ = {isa = PBXBuildFile; fileRef = D53957212CA7E32700854FC8 /* AppDelegate.swift */; };
		D53957242CA7E32700854FC8 /* SceneDelegate.swift in Sources */ = {isa = PBXBuildFile; fileRef = D53957232CA7E32700854FC8 /* SceneDelegate.swift */; };
		D53957262CA7E32700854FC8 /* ViewController.swift in Sources */ = {isa = PBXBuildFile; fileRef = D53957252CA7E32700854FC8 /* ViewController.swift */; };
		D53957292CA7E32700854FC8 /* Base in Resources */ = {isa = PBXBuildFile; fileRef = D53957282CA7E32700854FC8 /* Base */; };
		D539572B2CA7E32800854FC8 /* Assets.xcassets in Resources */ = {isa = PBXBuildFile; fileRef = D539572A2CA7E32800854FC8 /* Assets.xcassets */; };
		D539572E2CA7E32800854FC8 /* Base in Resources */ = {isa = PBXBuildFile; fileRef = D539572D2CA7E32800854FC8 /* Base */; };
		D53957392CA7E32800854FC8 /* AppTests.swift in Sources */ = {isa = PBXBuildFile; fileRef = D53957382CA7E32800854FC8 /* AppTests.swift */; };
		D53957432CA7E32800854FC8 /* AppUITests.swift in Sources */ = {isa = PBXBuildFile; fileRef = D53957422CA7E32800854FC8 /* AppUITests.swift */; };
		D53957452CA7E32800854FC8 /* AppUITestsLaunchTests.swift in Sources */ = {isa = PBXBuildFile; fileRef = D53957442CA7E32800854FC8 /* AppUITestsLaunchTests.swift */; };
/* End PBXBuildFile section */

/* Begin PBXContainerItemProxy section */
		D53957352CA7E32800854FC8 /* PBXContainerItemProxy */ = {
			isa = PBXContainerItemProxy;
			containerPortal = D53957162CA7E32700854FC8 /* Project object */;
			proxyType = 1;
			remoteGlobalIDString = D539571D2CA7E32700854FC8;
			remoteInfo = App;
		};
		D539573F2CA7E32800854FC8 /* PBXContainerItemProxy */ = {
			isa = PBXContainerItemProxy;
			containerPortal = D53957162CA7E32700854FC8 /* Project object */;
			proxyType = 1;
			remoteGlobalIDString = D539571D2CA7E32700854FC8;
			remoteInfo = App;
		};
/* End PBXContainerItemProxy section */

/* Begin PBXFileReference section */
		08F5575F5270624580473D40 /* Pods-AppTests.release.xcconfig */ = {isa = PBXFileReference; includeInIndex = 1; lastKnownFileType = text.xcconfig; name = "Pods-AppTests.release.xcconfig"; path = "Target Support Files/Pods-AppTests/Pods-AppTests.release.xcconfig"; sourceTree = "<group>"; };
		18818A484DFD65532C9FC942 /* Pods-App.debug.xcconfig */ = {isa = PBXFileReference; includeInIndex = 1; lastKnownFileType = text.xcconfig; name = "Pods-App.debug.xcconfig"; path = "Target Support Files/Pods-App/Pods-App.debug.xcconfig"; sourceTree = "<group>"; };
		23A9F0F1BEFE4FCF8F7F672F /* Pods-App-AppUITests.release.xcconfig */ = {isa = PBXFileReference; includeInIndex = 1; lastKnownFileType = text.xcconfig; name = "Pods-App-AppUITests.release.xcconfig"; path = "Target Support Files/Pods-App-AppUITests/Pods-App-AppUITests.release.xcconfig"; sourceTree = "<group>"; };
		5292C60113C45BF42D42331E /* Pods_App_AppUITests.framework */ = {isa = PBXFileReference; explicitFileType = wrapper.framework; includeInIndex = 0; path = Pods_App_AppUITests.framework; sourceTree = BUILT_PRODUCTS_DIR; };
		5C8CD86E653BA5525312EEDA /* Pods_AppTests.framework */ = {isa = PBXFileReference; explicitFileType = wrapper.framework; includeInIndex = 0; path = Pods_AppTests.framework; sourceTree = BUILT_PRODUCTS_DIR; };
		6347DD74EC95421AC779429F /* Pods_App.framework */ = {isa = PBXFileReference; explicitFileType = wrapper.framework; includeInIndex = 0; path = Pods_App.framework; sourceTree = BUILT_PRODUCTS_DIR; };
		82742DCB801C4580C72F2513 /* Pods-App-AppUITests.debug.xcconfig */ = {isa = PBXFileReference; includeInIndex = 1; lastKnownFileType = text.xcconfig; name = "Pods-App-AppUITests.debug.xcconfig"; path = "Target Support Files/Pods-App-AppUITests/Pods-App-AppUITests.debug.xcconfig"; sourceTree = "<group>"; };
		8E3A3A21B5A747B1C2840724 /* Pods-AppTests.debug.xcconfig */ = {isa = PBXFileReference; includeInIndex = 1; lastKnownFileType = text.xcconfig; name = "Pods-AppTests.debug.xcconfig"; path = "Target Support Files/Pods-AppTests/Pods-AppTests.debug.xcconfig"; sourceTree = "<group>"; };
		D42D79E2494C4512472EA67F /* Pods-App.release.xcconfig */ = {isa = PBXFileReference; includeInIndex = 1; lastKnownFileType = text.xcconfig; name = "Pods-App.release.xcconfig"; path = "Target Support Files/Pods-App/Pods-App.release.xcconfig"; sourceTree = "<group>"; };
		D539571E2CA7E32700854FC8 /* App.app */ = {isa = PBXFileReference; explicitFileType = wrapper.application; includeInIndex = 0; path = App.app; sourceTree = BUILT_PRODUCTS_DIR; };
		D53957212CA7E32700854FC8 /* AppDelegate.swift */ = {isa = PBXFileReference; lastKnownFileType = sourcecode.swift; path = AppDelegate.swift; sourceTree = "<group>"; };
		D53957232CA7E32700854FC8 /* SceneDelegate.swift */ = {isa = PBXFileReference; lastKnownFileType = sourcecode.swift; path = SceneDelegate.swift; sourceTree = "<group>"; };
		D53957252CA7E32700854FC8 /* ViewController.swift */ = {isa = PBXFileReference; lastKnownFileType = sourcecode.swift; path = ViewController.swift; sourceTree = "<group>"; };
		D53957282CA7E32700854FC8 /* Base */ = {isa = PBXFileReference; lastKnownFileType = file.storyboard; name = Base; path = Base.lproj/Main.storyboard; sourceTree = "<group>"; };
		D539572A2CA7E32800854FC8 /* Assets.xcassets */ = {isa = PBXFileReference; lastKnownFileType = folder.assetcatalog; path = Assets.xcassets; sourceTree = "<group>"; };
		D539572D2CA7E32800854FC8 /* Base */ = {isa = PBXFileReference; lastKnownFileType = file.storyboard; name = Base; path = Base.lproj/LaunchScreen.storyboard; sourceTree = "<group>"; };
		D539572F2CA7E32800854FC8 /* Info.plist */ = {isa = PBXFileReference; lastKnownFileType = text.plist.xml; path = Info.plist; sourceTree = "<group>"; };
		D53957342CA7E32800854FC8 /* AppTests.xctest */ = {isa = PBXFileReference; explicitFileType = wrapper.cfbundle; includeInIndex = 0; path = AppTests.xctest; sourceTree = BUILT_PRODUCTS_DIR; };
		D53957382CA7E32800854FC8 /* AppTests.swift */ = {isa = PBXFileReference; lastKnownFileType = sourcecode.swift; path = AppTests.swift; sourceTree = "<group>"; };
		D539573E2CA7E32800854FC8 /* AppUITests.xctest */ = {isa = PBXFileReference; explicitFileType = wrapper.cfbundle; includeInIndex = 0; path = AppUITests.xctest; sourceTree = BUILT_PRODUCTS_DIR; };
		D53957422CA7E32800854FC8 /* AppUITests.swift */ = {isa = PBXFileReference; lastKnownFileType = sourcecode.swift; path = AppUITests.swift; sourceTree = "<group>"; };
		D53957442CA7E32800854FC8 /* AppUITestsLaunchTests.swift */ = {isa = PBXFileReference; lastKnownFileType = sourcecode.swift; path = AppUITestsLaunchTests.swift; sourceTree = "<group>"; };
/* End PBXFileReference section */

/* Begin PBXFrameworksBuildPhase section */
		D539571B2CA7E32700854FC8 /* Frameworks */ = {
			isa = PBXFrameworksBuildPhase;
			buildActionMask = 2147483647;
			files = (
				C7F455A3747FC7BE5C7CF652 /* Pods_App.framework in Frameworks */,
			);
			runOnlyForDeploymentPostprocessing = 0;
		};
		D53957312CA7E32800854FC8 /* Frameworks */ = {
			isa = PBXFrameworksBuildPhase;
			buildActionMask = 2147483647;
			files = (
				ADCB04BF9BD2F0DD0B9536C0 /* Pods_AppTests.framework in Frameworks */,
			);
			runOnlyForDeploymentPostprocessing = 0;
		};
		D539573B2CA7E32800854FC8 /* Frameworks */ = {
			isa = PBXFrameworksBuildPhase;
			buildActionMask = 2147483647;
			files = (
				450E7B92B482DA18BE0B67C5 /* Pods_App_AppUITests.framework in Frameworks */,
			);
			runOnlyForDeploymentPostprocessing = 0;
		};
/* End PBXFrameworksBuildPhase section */

/* Begin PBXGroup section */
		797E7BADC358DB442CB96ED9 /* Pods */ = {
			isa = PBXGroup;
			children = (
				18818A484DFD65532C9FC942 /* Pods-App.debug.xcconfig */,
				D42D79E2494C4512472EA67F /* Pods-App.release.xcconfig */,
				82742DCB801C4580C72F2513 /* Pods-App-AppUITests.debug.xcconfig */,
				23A9F0F1BEFE4FCF8F7F672F /* Pods-App-AppUITests.release.xcconfig */,
				8E3A3A21B5A747B1C2840724 /* Pods-AppTests.debug.xcconfig */,
				08F5575F5270624580473D40 /* Pods-AppTests.release.xcconfig */,
			);
			name = Pods;
			path = Pods;
			sourceTree = "<group>";
		};
		D53957152CA7E32700854FC8 = {
			isa = PBXGroup;
			children = (
				D53957202CA7E32700854FC8 /* App */,
				D53957372CA7E32800854FC8 /* AppTests */,
				D53957412CA7E32800854FC8 /* AppUITests */,
				D539571F2CA7E32700854FC8 /* Products */,
				797E7BADC358DB442CB96ED9 /* Pods */,
				F8D6F9DC2F3C3BAFD2B2BEAA /* Frameworks */,
			);
			sourceTree = "<group>";
		};
		D539571F2CA7E32700854FC8 /* Products */ = {
			isa = PBXGroup;
			children = (
				D539571E2CA7E32700854FC8 /* App.app */,
				D53957342CA7E32800854FC8 /* AppTests.xctest */,
				D539573E2CA7E32800854FC8 /* AppUITests.xctest */,
			);
			name = Products;
			sourceTree = "<group>";
		};
		D53957202CA7E32700854FC8 /* App */ = {
			isa = PBXGroup;
			children = (
				D53957212CA7E32700854FC8 /* AppDelegate.swift */,
				D53957232CA7E32700854FC8 /* SceneDelegate.swift */,
				D53957252CA7E32700854FC8 /* ViewController.swift */,
				D53957272CA7E32700854FC8 /* Main.storyboard */,
				D539572A2CA7E32800854FC8 /* Assets.xcassets */,
				D539572C2CA7E32800854FC8 /* LaunchScreen.storyboard */,
				D539572F2CA7E32800854FC8 /* Info.plist */,
			);
			path = App;
			sourceTree = "<group>";
		};
		D53957372CA7E32800854FC8 /* AppTests */ = {
			isa = PBXGroup;
			children = (
				D53957382CA7E32800854FC8 /* AppTests.swift */,
			);
			path = AppTests;
			sourceTree = "<group>";
		};
		D53957412CA7E32800854FC8 /* AppUITests */ = {
			isa = PBXGroup;
			children = (
				D53957422CA7E32800854FC8 /* AppUITests.swift */,
				D53957442CA7E32800854FC8 /* AppUITestsLaunchTests.swift */,
			);
			path = AppUITests;
			sourceTree = "<group>";
		};
		F8D6F9DC2F3C3BAFD2B2BEAA /* Frameworks */ = {
			isa = PBXGroup;
			children = (
				6347DD74EC95421AC779429F /* Pods_App.framework */,
				5292C60113C45BF42D42331E /* Pods_App_AppUITests.framework */,
				5C8CD86E653BA5525312EEDA /* Pods_AppTests.framework */,
			);
			name = Frameworks;
			sourceTree = "<group>";
		};
/* End PBXGroup section */

/* Begin PBXNativeTarget section */
		D539571D2CA7E32700854FC8 /* App */ = {
			isa = PBXNativeTarget;
			buildConfigurationList = D53957482CA7E32800854FC8 /* Build configuration list for PBXNativeTarget "App" */;
			buildPhases = (
				6CA7736A1223E3615C41B932 /* [CP] Check Pods Manifest.lock */,
				D539571A2CA7E32700854FC8 /* Sources */,
				D539571B2CA7E32700854FC8 /* Frameworks */,
				D539571C2CA7E32700854FC8 /* Resources */,
			);
			buildRules = (
			);
			dependencies = (
			);
			name = App;
			productName = App;
			productReference = D539571E2CA7E32700854FC8 /* App.app */;
			productType = "com.apple.product-type.application";
		};
		D53957332CA7E32800854FC8 /* AppTests */ = {
			isa = PBXNativeTarget;
			buildConfigurationList = D539574B2CA7E32800854FC8 /* Build configuration list for PBXNativeTarget "AppTests" */;
			buildPhases = (
				CA244423D25F1AAA17419456 /* [CP] Check Pods Manifest.lock */,
				D53957302CA7E32800854FC8 /* Sources */,
				D53957312CA7E32800854FC8 /* Frameworks */,
				D53957322CA7E32800854FC8 /* Resources */,
			);
			buildRules = (
			);
			dependencies = (
				D53957362CA7E32800854FC8 /* PBXTargetDependency */,
			);
			name = AppTests;
			productName = AppTests;
			productReference = D53957342CA7E32800854FC8 /* AppTests.xctest */;
			productType = "com.apple.product-type.bundle.unit-test";
		};
		D539573D2CA7E32800854FC8 /* AppUITests */ = {
			isa = PBXNativeTarget;
			buildConfigurationList = D539574E2CA7E32800854FC8 /* Build configuration list for PBXNativeTarget "AppUITests" */;
			buildPhases = (
				15C61167CC88D7D624E80B85 /* [CP] Check Pods Manifest.lock */,
				D539573A2CA7E32800854FC8 /* Sources */,
				D539573B2CA7E32800854FC8 /* Frameworks */,
				D539573C2CA7E32800854FC8 /* Resources */,
			);
			buildRules = (
			);
			dependencies = (
				D53957402CA7E32800854FC8 /* PBXTargetDependency */,
			);
			name = AppUITests;
			productName = AppUITests;
			productReference = D539573E2CA7E32800854FC8 /* AppUITests.xctest */;
			productType = "com.apple.product-type.bundle.ui-testing";
		};
/* End PBXNativeTarget section */

/* Begin PBXProject section */
		D53957162CA7E32700854FC8 /* Project object */ = {
			isa = PBXProject;
			attributes = {
				BuildIndependentTargetsInParallel = 1;
				LastSwiftUpdateCheck = 1540;
				LastUpgradeCheck = 1540;
				TargetAttributes = {
					D539571D2CA7E32700854FC8 = {
						CreatedOnToolsVersion = 15.4;
					};
					D53957332CA7E32800854FC8 = {
						CreatedOnToolsVersion = 15.4;
						TestTargetID = D539571D2CA7E32700854FC8;
					};
					D539573D2CA7E32800854FC8 = {
						CreatedOnToolsVersion = 15.4;
						TestTargetID = D539571D2CA7E32700854FC8;
					};
				};
			};
			buildConfigurationList = D53957192CA7E32700854FC8 /* Build configuration list for PBXProject "App" */;
			compatibilityVersion = "Xcode 14.0";
			developmentRegion = en;
			hasScannedForEncodings = 0;
			knownRegions = (
				en,
				Base,
			);
			mainGroup = D53957152CA7E32700854FC8;
			productRefGroup = D539571F2CA7E32700854FC8 /* Products */;
			projectDirPath = "";
			projectRoot = "";
			targets = (
				D539571D2CA7E32700854FC8 /* App */,
				D53957332CA7E32800854FC8 /* AppTests */,
				D539573D2CA7E32800854FC8 /* AppUITests */,
			);
		};
/* End PBXProject section */

/* Begin PBXResourcesBuildPhase section */
		D539571C2CA7E32700854FC8 /* Resources */ = {
			isa = PBXResourcesBuildPhase;
			buildActionMask = 2147483647;
			files = (
				D539572B2CA7E32800854FC8 /* Assets.xcassets in Resources */,
				D539572E2CA7E32800854FC8 /* Base in Resources */,
				D53957292CA7E32700854FC8 /* Base in Resources */,
			);
			runOnlyForDeploymentPostprocessing = 0;
		};
		D53957322CA7E32800854FC8 /* Resources */ = {
			isa = PBXResourcesBuildPhase;
			buildActionMask = 2147483647;
			files = (
			);
			runOnlyForDeploymentPostprocessing = 0;
		};
		D539573C2CA7E32800854FC8 /* Resources */ = {
			isa = PBXResourcesBuildPhase;
			buildActionMask = 2147483647;
			files = (
			);
			runOnlyForDeploymentPostprocessing = 0;
		};
/* End PBXResourcesBuildPhase section */

/* Begin PBXShellScriptBuildPhase section */
		15C61167CC88D7D624E80B85 /* [CP] Check Pods Manifest.lock */ = {
			isa = PBXShellScriptBuildPhase;
			buildActionMask = 2147483647;
			files = (
			);
			inputFileListPaths = (
			);
			inputPaths = (
				"${PODS_PODFILE_DIR_PATH}/Podfile.lock",
				"${PODS_ROOT}/Manifest.lock",
			);
			name = "[CP] Check Pods Manifest.lock";
			outputFileListPaths = (
			);
			outputPaths = (
				"$(DERIVED_FILE_DIR)/Pods-App-AppUITests-checkManifestLockResult.txt",
			);
			runOnlyForDeploymentPostprocessing = 0;
			shellPath = /bin/sh;
			shellScript = "diff \"${PODS_PODFILE_DIR_PATH}/Podfile.lock\" \"${PODS_ROOT}/Manifest.lock\" > /dev/null\nif [ $? != 0 ] ; then\n    # print error to STDERR\n    echo \"error: The sandbox is not in sync with the Podfile.lock. Run 'pod install' or update your CocoaPods installation.\" >&2\n    exit 1\nfi\n# This output is used by Xcode 'outputs' to avoid re-running this script phase.\necho \"SUCCESS\" > \"${SCRIPT_OUTPUT_FILE_0}\"\n";
			showEnvVarsInLog = 0;
		};
		6CA7736A1223E3615C41B932 /* [CP] Check Pods Manifest.lock */ = {
			isa = PBXShellScriptBuildPhase;
			buildActionMask = 2147483647;
			files = (
			);
			inputFileListPaths = (
			);
			inputPaths = (
				"${PODS_PODFILE_DIR_PATH}/Podfile.lock",
				"${PODS_ROOT}/Manifest.lock",
			);
			name = "[CP] Check Pods Manifest.lock";
			outputFileListPaths = (
			);
			outputPaths = (
				"$(DERIVED_FILE_DIR)/Pods-App-checkManifestLockResult.txt",
			);
			runOnlyForDeploymentPostprocessing = 0;
			shellPath = /bin/sh;
			shellScript = "diff \"${PODS_PODFILE_DIR_PATH}/Podfile.lock\" \"${PODS_ROOT}/Manifest.lock\" > /dev/null\nif [ $? != 0 ] ; then\n    # print error to STDERR\n    echo \"error: The sandbox is not in sync with the Podfile.lock. Run 'pod install' or update your CocoaPods installation.\" >&2\n    exit 1\nfi\n# This output is used by Xcode 'outputs' to avoid re-running this script phase.\necho \"SUCCESS\" > \"${SCRIPT_OUTPUT_FILE_0}\"\n";
			showEnvVarsInLog = 0;
		};
		CA244423D25F1AAA17419456 /* [CP] Check Pods Manifest.lock */ = {
			isa = PBXShellScriptBuildPhase;
			buildActionMask = 2147483647;
			files = (
			);
			inputFileListPaths = (
			);
			inputPaths = (
				"${PODS_PODFILE_DIR_PATH}/Podfile.lock",
				"${PODS_ROOT}/Manifest.lock",
			);
			name = "[CP] Check Pods Manifest.lock";
			outputFileListPaths = (
			);
			outputPaths = (
				"$(DERIVED_FILE_DIR)/Pods-AppTests-checkManifestLockResult.txt",
			);
			runOnlyForDeploymentPostprocessing = 0;
			shellPath = /bin/sh;
			shellScript = "diff \"${PODS_PODFILE_DIR_PATH}/Podfile.lock\" \"${PODS_ROOT}/Manifest.lock\" > /dev/null\nif [ $? != 0 ] ; then\n    # print error to STDERR\n    echo \"error: The sandbox is not in sync with the Podfile.lock. Run 'pod install' or update your CocoaPods installation.\" >&2\n    exit 1\nfi\n# This output is used by Xcode 'outputs' to avoid re-running this script phase.\necho \"SUCCESS\" > \"${SCRIPT_OUTPUT_FILE_0}\"\n";
			showEnvVarsInLog = 0;
		};
/* End PBXShellScriptBuildPhase section */

/* Begin PBXSourcesBuildPhase section */
		D539571A2CA7E32700854FC8 /* Sources */ = {
			isa = PBXSourcesBuildPhase;
			buildActionMask = 2147483647;
			files = (
				D53957262CA7E32700854FC8 /* ViewController.swift in Sources */,
				D53957222CA7E32700854FC8 /* AppDelegate.swift in Sources */,
				D53957242CA7E32700854FC8 /* SceneDelegate.swift in Sources */,
			);
			runOnlyForDeploymentPostprocessing = 0;
		};
		D53957302CA7E32800854FC8 /* Sources */ = {
			isa = PBXSourcesBuildPhase;
			buildActionMask = 2147483647;
			files = (
				D53957392CA7E32800854FC8 /* AppTests.swift in Sources */,
			);
			runOnlyForDeploymentPostprocessing = 0;
		};
		D539573A2CA7E32800854FC8 /* Sources */ = {
			isa = PBXSourcesBuildPhase;
			buildActionMask = 2147483647;
			files = (
				D53957452CA7E32800854FC8 /* AppUITestsLaunchTests.swift in Sources */,
				D53957432CA7E32800854FC8 /* AppUITests.swift in Sources */,
			);
			runOnlyForDeploymentPostprocessing = 0;
		};
/* End PBXSourcesBuildPhase section */

/* Begin PBXTargetDependency section */
		D53957362CA7E32800854FC8 /* PBXTargetDependency */ = {
			isa = PBXTargetDependency;
			target = D539571D2CA7E32700854FC8 /* App */;
			targetProxy = D53957352CA7E32800854FC8 /* PBXContainerItemProxy */;
		};
		D53957402CA7E32800854FC8 /* PBXTargetDependency */ = {
			isa = PBXTargetDependency;
			target = D539571D2CA7E32700854FC8 /* App */;
			targetProxy = D539573F2CA7E32800854FC8 /* PBXContainerItemProxy */;
		};
/* End PBXTargetDependency section */

/* Begin PBXVariantGroup section */
		D53957272CA7E32700854FC8 /* Main.storyboard */ = {
			isa = PBXVariantGroup;
			children = (
				D53957282CA7E32700854FC8 /* Base */,
			);
			name = Main.storyboard;
			sourceTree = "<group>";
		};
		D539572C2CA7E32800854FC8 /* LaunchScreen.storyboard */ = {
			isa = PBXVariantGroup;
			children = (
				D539572D2CA7E32800854FC8 /* Base */,
			);
			name = LaunchScreen.storyboard;
			sourceTree = "<group>";
		};
/* End PBXVariantGroup section */

/* Begin XCBuildConfiguration section */
		D53957462CA7E32800854FC8 /* Debug */ = {
			isa = XCBuildConfiguration;
			buildSettings = {
				ALWAYS_SEARCH_USER_PATHS = NO;
				ASSETCATALOG_COMPILER_GENERATE_SWIFT_ASSET_SYMBOL_EXTENSIONS = YES;
				CLANG_ANALYZER_NONNULL = YES;
				CLANG_ANALYZER_NUMBER_OBJECT_CONVERSION = YES_AGGRESSIVE;
				CLANG_CXX_LANGUAGE_STANDARD = "gnu++20";
				CLANG_ENABLE_MODULES = YES;
				CLANG_ENABLE_OBJC_ARC = YES;
				CLANG_ENABLE_OBJC_WEAK = YES;
				CLANG_WARN_BLOCK_CAPTURE_AUTORELEASING = YES;
				CLANG_WARN_BOOL_CONVERSION = YES;
				CLANG_WARN_COMMA = YES;
				CLANG_WARN_CONSTANT_CONVERSION = YES;
				CLANG_WARN_DEPRECATED_OBJC_IMPLEMENTATIONS = YES;
				CLANG_WARN_DIRECT_OBJC_ISA_USAGE = YES_ERROR;
				CLANG_WARN_DOCUMENTATION_COMMENTS = YES;
				CLANG_WARN_EMPTY_BODY = YES;
				CLANG_WARN_ENUM_CONVERSION = YES;
				CLANG_WARN_INFINITE_RECURSION = YES;
				CLANG_WARN_INT_CONVERSION = YES;
				CLANG_WARN_NON_LITERAL_NULL_CONVERSION = YES;
				CLANG_WARN_OBJC_IMPLICIT_RETAIN_SELF = YES;
				CLANG_WARN_OBJC_LITERAL_CONVERSION = YES;
				CLANG_WARN_OBJC_ROOT_CLASS = YES_ERROR;
				CLANG_WARN_QUOTED_INCLUDE_IN_FRAMEWORK_HEADER = YES;
				CLANG_WARN_RANGE_LOOP_ANALYSIS = YES;
				CLANG_WARN_STRICT_PROTOTYPES = YES;
				CLANG_WARN_SUSPICIOUS_MOVE = YES;
				CLANG_WARN_UNGUARDED_AVAILABILITY = YES_AGGRESSIVE;
				CLANG_WARN_UNREACHABLE_CODE = YES;
				CLANG_WARN__DUPLICATE_METHOD_MATCH = YES;
				COPY_PHASE_STRIP = NO;
				DEBUG_INFORMATION_FORMAT = dwarf;
				ENABLE_STRICT_OBJC_MSGSEND = YES;
				ENABLE_TESTABILITY = YES;
				ENABLE_USER_SCRIPT_SANDBOXING = YES;
				GCC_C_LANGUAGE_STANDARD = gnu17;
				GCC_DYNAMIC_NO_PIC = NO;
				GCC_NO_COMMON_BLOCKS = YES;
				GCC_OPTIMIZATION_LEVEL = 0;
				GCC_PREPROCESSOR_DEFINITIONS = (
					"DEBUG=1",
					"$(inherited)",
				);
				GCC_WARN_64_TO_32_BIT_CONVERSION = YES;
				GCC_WARN_ABOUT_RETURN_TYPE = YES_ERROR;
				GCC_WARN_UNDECLARED_SELECTOR = YES;
				GCC_WARN_UNINITIALIZED_AUTOS = YES_AGGRESSIVE;
				GCC_WARN_UNUSED_FUNCTION = YES;
				GCC_WARN_UNUSED_VARIABLE = YES;
				IPHONEOS_DEPLOYMENT_TARGET = 17.5;
				LOCALIZATION_PREFERS_STRING_CATALOGS = YES;
				MTL_ENABLE_DEBUG_INFO = INCLUDE_SOURCE;
				MTL_FAST_MATH = YES;
				ONLY_ACTIVE_ARCH = YES;
				SDKROOT = iphoneos;
				SWIFT_ACTIVE_COMPILATION_CONDITIONS = "DEBUG $(inherited)";
				SWIFT_OPTIMIZATION_LEVEL = "-Onone";
			};
			name = Debug;
		};
		D53957472CA7E32800854FC8 /* Release */ = {
			isa = XCBuildConfiguration;
			buildSettings = {
				ALWAYS_SEARCH_USER_PATHS = NO;
				ASSETCATALOG_COMPILER_GENERATE_SWIFT_ASSET_SYMBOL_EXTENSIONS = YES;
				CLANG_ANALYZER_NONNULL = YES;
				CLANG_ANALYZER_NUMBER_OBJECT_CONVERSION = YES_AGGRESSIVE;
				CLANG_CXX_LANGUAGE_STANDARD = "gnu++20";
				CLANG_ENABLE_MODULES = YES;
				CLANG_ENABLE_OBJC_ARC = YES;
				CLANG_ENABLE_OBJC_WEAK = YES;
				CLANG_WARN_BLOCK_CAPTURE_AUTORELEASING = YES;
				CLANG_WARN_BOOL_CONVERSION = YES;
				CLANG_WARN_COMMA = YES;
				CLANG_WARN_CONSTANT_CONVERSION = YES;
				CLANG_WARN_DEPRECATED_OBJC_IMPLEMENTATIONS = YES;
				CLANG_WARN_DIRECT_OBJC_ISA_USAGE = YES_ERROR;
				CLANG_WARN_DOCUMENTATION_COMMENTS = YES;
				CLANG_WARN_EMPTY_BODY = YES;
				CLANG_WARN_ENUM_CONVERSION = YES;
				CLANG_WARN_INFINITE_RECURSION = YES;
				CLANG_WARN_INT_CONVERSION = YES;
				CLANG_WARN_NON_LITERAL_NULL_CONVERSION = YES;
				CLANG_WARN_OBJC_IMPLICIT_RETAIN_SELF = YES;
				CLANG_WARN_OBJC_LITERAL_CONVERSION = YES;
				CLANG_WARN_OBJC_ROOT_CLASS = YES_ERROR;
				CLANG_WARN_QUOTED_INCLUDE_IN_FRAMEWORK_HEADER = YES;
				CLANG_WARN_RANGE_LOOP_ANALYSIS = YES;
				CLANG_WARN_STRICT_PROTOTYPES = YES;
				CLANG_WARN_SUSPICIOUS_MOVE = YES;
				CLANG_WARN_UNGUARDED_AVAILABILITY = YES_AGGRESSIVE;
				CLANG_WARN_UNREACHABLE_CODE = YES;
				CLANG_WARN__DUPLICATE_METHOD_MATCH = YES;
				COPY_PHASE_STRIP = NO;
				DEBUG_INFORMATION_FORMAT = "dwarf-with-dsym";
				ENABLE_NS_ASSERTIONS = NO;
				ENABLE_STRICT_OBJC_MSGSEND = YES;
				ENABLE_USER_SCRIPT_SANDBOXING = YES;
				GCC_C_LANGUAGE_STANDARD = gnu17;
				GCC_NO_COMMON_BLOCKS = YES;
				GCC_WARN_64_TO_32_BIT_CONVERSION = YES;
				GCC_WARN_ABOUT_RETURN_TYPE = YES_ERROR;
				GCC_WARN_UNDECLARED_SELECTOR = YES;
				GCC_WARN_UNINITIALIZED_AUTOS = YES_AGGRESSIVE;
				GCC_WARN_UNUSED_FUNCTION = YES;
				GCC_WARN_UNUSED_VARIABLE = YES;
				IPHONEOS_DEPLOYMENT_TARGET = 17.5;
				LOCALIZATION_PREFERS_STRING_CATALOGS = YES;
				MTL_ENABLE_DEBUG_INFO = NO;
				MTL_FAST_MATH = YES;
				SDKROOT = iphoneos;
				SWIFT_COMPILATION_MODE = wholemodule;
				VALIDATE_PRODUCT = YES;
			};
			name = Release;
		};
		D53957492CA7E32800854FC8 /* Debug */ = {
			isa = XCBuildConfiguration;
			baseConfigurationReference = 18818A484DFD65532C9FC942 /* Pods-App.debug.xcconfig */;
			buildSettings = {
				ASSETCATALOG_COMPILER_APPICON_NAME = AppIcon;
				ASSETCATALOG_COMPILER_GLOBAL_ACCENT_COLOR_NAME = AccentColor;
				CODE_SIGN_STYLE = Automatic;
				CURRENT_PROJECT_VERSION = 1;
				DEVELOPMENT_TEAM = BA8AC4FXU9;
				GENERATE_INFOPLIST_FILE = YES;
				INFOPLIST_FILE = App/Info.plist;
				INFOPLIST_KEY_UIApplicationSupportsIndirectInputEvents = YES;
				INFOPLIST_KEY_UILaunchStoryboardName = LaunchScreen;
				INFOPLIST_KEY_UIMainStoryboardFile = Main;
				INFOPLIST_KEY_UISupportedInterfaceOrientations_iPad = "UIInterfaceOrientationPortrait UIInterfaceOrientationPortraitUpsideDown UIInterfaceOrientationLandscapeLeft UIInterfaceOrientationLandscapeRight";
				INFOPLIST_KEY_UISupportedInterfaceOrientations_iPhone = "UIInterfaceOrientationPortrait UIInterfaceOrientationLandscapeLeft UIInterfaceOrientationLandscapeRight";
				LD_RUNPATH_SEARCH_PATHS = (
					"$(inherited)",
					"@executable_path/Frameworks",
				);
				MARKETING_VERSION = 1.0;
				PRODUCT_BUNDLE_IDENTIFIER = com.prongbang.App;
				PRODUCT_NAME = "$(TARGET_NAME)";
				SWIFT_EMIT_LOC_STRINGS = YES;
				SWIFT_VERSION = 5.0;
				TARGETED_DEVICE_FAMILY = "1,2";
			};
			name = Debug;
		};
		D539574A2CA7E32800854FC8 /* Release */ = {
			isa = XCBuildConfiguration;
			baseConfigurationReference = D42D79E2494C4512472EA67F /* Pods-App.release.xcconfig */;
			buildSettings = {
				ASSETCATALOG_COMPILER_APPICON_NAME = AppIcon;
				ASSETCATALOG_COMPILER_GLOBAL_ACCENT_COLOR_NAME = AccentColor;
				CODE_SIGN_STYLE = Automatic;
				CURRENT_PROJECT_VERSION = 1;
				DEVELOPMENT_TEAM = BA8AC4FXU9;
				GENERATE_INFOPLIST_FILE = YES;
				INFOPLIST_FILE = App/Info.plist;
				INFOPLIST_KEY_UIApplicationSupportsIndirectInputEvents = YES;
				INFOPLIST_KEY_UILaunchStoryboardName = LaunchScreen;
				INFOPLIST_KEY_UIMainStoryboardFile = Main;
				INFOPLIST_KEY_UISupportedInterfaceOrientations_iPad = "UIInterfaceOrientationPortrait UIInterfaceOrientationPortraitUpsideDown UIInterfaceOrientationLandscapeLeft UIInterfaceOrientationLandscapeRight";
				INFOPLIST_KEY_UISupportedInterfaceOrientations_iPhone = "UIInterfaceOrientationPortrait UIInterfaceOrientationLandscapeLeft UIInterfaceOrientationLandscapeRight";
				LD_RUNPATH_SEARCH_PATHS = (
					"$(inherited)",
					"@executable_path/Frameworks",
				);
				MARKETING_VERSION = 1.0;
				PRODUCT_BUNDLE_IDENTIFIER = com.prongbang.App;
				PRODUCT_NAME = "$(TARGET_NAME)";
				SWIFT_EMIT_LOC_STRINGS = YES;
				SWIFT_VERSION = 5.0;
				TARGETED_DEVICE_FAMILY = "1,2";
			};
			name = Release;
		};
		D539574C2CA7E32800854FC8 /* Debug */ = {
			isa = XCBuildConfiguration;
			baseConfigurationReference = 8E3A3A21B5A747B1C2840724 /* Pods-AppTests.debug.xcconfig */;
			buildSettings = {
				ALWAYS_EMBED_SWIFT_STANDARD_LIBRARIES = YES;
				BUNDLE_LOADER = "$(TEST_HOST)";
				CODE_SIGN_STYLE = Automatic;
				CURRENT_PROJECT_VERSION = 1;
				DEVELOPMENT_TEAM = BA8AC4FXU9;
				GENERATE_INFOPLIST_FILE = YES;
				IPHONEOS_DEPLOYMENT_TARGET = 17.5;
				MARKETING_VERSION = 1.0;
				PRODUCT_BUNDLE_IDENTIFIER = com.prongbang.AppTests;
				PRODUCT_NAME = "$(TARGET_NAME)";
				SWIFT_EMIT_LOC_STRINGS = NO;
				SWIFT_VERSION = 5.0;
				TARGETED_DEVICE_FAMILY = "1,2";
				TEST_HOST = "$(BUILT_PRODUCTS_DIR)/App.app/$(BUNDLE_EXECUTABLE_FOLDER_PATH)/App";
			};
			name = Debug;
		};
		D539574D2CA7E32800854FC8 /* Release */ = {
			isa = XCBuildConfiguration;
			baseConfigurationReference = 08F5575F5270624580473D40 /* Pods-AppTests.release.xcconfig */;
			buildSettings = {
				ALWAYS_EMBED_SWIFT_STANDARD_LIBRARIES = YES;
				BUNDLE_LOADER = "$(TEST_HOST)";
				CODE_SIGN_STYLE = Automatic;
				CURRENT_PROJECT_VERSION = 1;
				DEVELOPMENT_TEAM = BA8AC4FXU9;
				GENERATE_INFOPLIST_FILE = YES;
				IPHONEOS_DEPLOYMENT_TARGET = 17.5;
				MARKETING_VERSION = 1.0;
				PRODUCT_BUNDLE_IDENTIFIER = com.prongbang.AppTests;
				PRODUCT_NAME = "$(TARGET_NAME)";
				SWIFT_EMIT_LOC_STRINGS = NO;
				SWIFT_VERSION = 5.0;
				TARGETED_DEVICE_FAMILY = "1,2";
				TEST_HOST = "$(BUILT_PRODUCTS_DIR)/App.app/$(BUNDLE_EXECUTABLE_FOLDER_PATH)/App";
			};
			name = Release;
		};
		D539574F2CA7E32800854FC8 /* Debug */ = {
			isa = XCBuildConfiguration;
			baseConfigurationReference = 82742DCB801C4580C72F2513 /* Pods-App-AppUITests.debug.xcconfig */;
			buildSettings = {
				ALWAYS_EMBED_SWIFT_STANDARD_LIBRARIES = YES;
				CODE_SIGN_STYLE = Automatic;
				CURRENT_PROJECT_VERSION = 1;
				DEVELOPMENT_TEAM = BA8AC4FXU9;
				GENERATE_INFOPLIST_FILE = YES;
				MARKETING_VERSION = 1.0;
				PRODUCT_BUNDLE_IDENTIFIER = com.prongbang.AppUITests;
				PRODUCT_NAME = "$(TARGET_NAME)";
				SWIFT_EMIT_LOC_STRINGS = NO;
				SWIFT_VERSION = 5.0;
				TARGETED_DEVICE_FAMILY = "1,2";
				TEST_TARGET_NAME = App;
			};
			name = Debug;
		};
		D53957502CA7E32800854FC8 /* Release */ = {
			isa = XCBuildConfiguration;
			baseConfigurationReference = 23A9F0F1BEFE4FCF8F7F672F /* Pods-App-AppUITests.release.xcconfig */;
			buildSettings = {
				ALWAYS_EMBED_SWIFT_STANDARD_LIBRARIES = YES;
				CODE_SIGN_STYLE = Automatic;
				CURRENT_PROJECT_VERSION = 1;
				DEVELOPMENT_TEAM = BA8AC4FXU9;
				GENERATE_INFOPLIST_FILE = YES;
				MARKETING_VERSION = 1.0;
				PRODUCT_BUNDLE_IDENTIFIER = com.prongbang.AppUITests;
				PRODUCT_NAME = "$(TARGET_NAME)";
				SWIFT_EMIT_LOC_STRINGS = NO;
				SWIFT_VERSION = 5.0;
				TARGETED_DEVICE_FAMILY = "1,2";
				TEST_TARGET_NAME = App;
			};
			name = Release;
		};
/* End XCBuildConfiguration section */

/* Begin XCConfigurationList section */
		D53957192CA7E32700854FC8 /* Build configuration list for PBXProject "App" */ = {
			isa = XCConfigurationList;
			buildConfigurations = (
				D53957462CA7E32800854FC8 /* Debug */,
				D53957472CA7E32800854FC8 /* Release */,
			);
			defaultConfigurationIsVisible = 0;
			defaultConfigurationName = Release;
		};
		D53957482CA7E32800854FC8 /* Build configuration list for PBXNativeTarget "App" */ = {
			isa = XCConfigurationList;
			buildConfigurations = (
				D53957492CA7E32800854FC8 /* Debug */,
				D539574A2CA7E32800854FC8 /* Release */,
			);
			defaultConfigurationIsVisible = 0;
			defaultConfigurationName = Release;
		};
		D539574B2CA7E32800854FC8 /* Build configuration list for PBXNativeTarget "AppTests" */ = {
			isa = XCConfigurationList;
			buildConfigurations = (
				D539574C2CA7E32800854FC8 /* Debug */,
				D539574D2CA7E32800854FC8 /* Release */,
			);
			defaultConfigurationIsVisible = 0;
			defaultConfigurationName = Release;
		};
		D539574E2CA7E32800854FC8 /* Build configuration list for PBXNativeTarget "AppUITests" */ = {
			isa = XCConfigurationList;
			buildConfigurations = (
				D539574F2CA7E32800854FC8 /* Debug */,
				D53957502CA7E32800854FC8 /* Release */,
			);
			defaultConfigurationIsVisible = 0;
			defaultConfigurationName = Release;
		};
/* End XCConfigurationList section */
	};
	rootObject = D53957162CA7E32700854FC8 /* Project object */;
}
