// !$*UTF8*$!
{
	archiveVersion = 1;
	classes = {
	};
	objectVersion = 56;
	objects = {

/* Begin PBXBuildFile section */
		34B6D2AF2CCCD5B9008AE4BF /* MDCrypto.docc in Sources */ = {isa = PBXBuildFile; fileRef = 34B6D2AE2CCCD5B9008AE4BF /* MDCrypto.docc */; };
		34B6D2B52CCCD5B9008AE4BF /* MDCrypto.framework in Frameworks */ = {isa = PBXBuildFile; fileRef = 34B6D2AA2CCCD5B9008AE4BF /* MDCrypto.framework */; };
		34B6D2BA2CCCD5B9008AE4BF /* MDCryptoTests.swift in Sources */ = {isa = PBXBuildFile; fileRef = 34B6D2B92CCCD5B9008AE4BF /* MDCryptoTests.swift */; };
		34B6D2BB2CCCD5B9008AE4BF /* MDCrypto.h in Headers */ = {isa = PBXBuildFile; fileRef = 34B6D2AD2CCCD5B9008AE4BF /* MDCrypto.h */; settings = {ATTRIBUTES = (Public, ); }; };
		34B6D2F12CCCD6ED008AE4BF /* SecretBoxCryptography.swift in Sources */ = {isa = PBXBuildFile; fileRef = 34B6D2F02CCCD6ED008AE4BF /* SecretBoxCryptography.swift */; };
		34B6D2F32CCCD769008AE4BF /* CryptoAssembly.swift in Sources */ = {isa = PBXBuildFile; fileRef = 34B6D2F22CCCD769008AE4BF /* CryptoAssembly.swift */; };
		34B6D5112CCD2984008AE4BF /* MDFactory.framework in Frameworks */ = {isa = PBXBuildFile; fileRef = 34B6D5102CCD2984008AE4BF /* MDFactory.framework */; };
		34B6D5122CCD2984008AE4BF /* MDFactory.framework in Embed Frameworks */ = {isa = PBXBuildFile; fileRef = 34B6D5102CCD2984008AE4BF /* MDFactory.framework */; settings = {ATTRIBUTES = (CodeSignOnCopy, RemoveHeadersOnCopy, ); }; };
		8157A0EC84188C84E202A831 /* Pods_MDCrypto.framework in Frameworks */ = {isa = PBXBuildFile; fileRef = B1F8324F3058BF16F1BED9F4 /* Pods_MDCrypto.framework */; };
		DE36FC78BEBA8B8F0A406EA3 /* Pods_MDCrypto_MDCryptoTests.framework in Frameworks */ = {isa = PBXBuildFile; fileRef = 48436551AFE99E6CAA31F8AC /* Pods_MDCrypto_MDCryptoTests.framework */; };
/* End PBXBuildFile section */

/* Begin PBXContainerItemProxy section */
		34B6D2B62CCCD5B9008AE4BF /* PBXContainerItemProxy */ = {
			isa = PBXContainerItemProxy;
			containerPortal = 34B6D2A12CCCD5B9008AE4BF /* Project object */;
			proxyType = 1;
			remoteGlobalIDString = 34B6D2A92CCCD5B9008AE4BF;
			remoteInfo = MDCrypto;
		};
/* End PBXContainerItemProxy section */

/* Begin PBXCopyFilesBuildPhase section */
		34B6D5132CCD2984008AE4BF /* Embed Frameworks */ = {
			isa = PBXCopyFilesBuildPhase;
			buildActionMask = 2147483647;
			dstPath = "";
			dstSubfolderSpec = 10;
			files = (
				34B6D5122CCD2984008AE4BF /* MDFactory.framework in Embed Frameworks */,
			);
			name = "Embed Frameworks";
			runOnlyForDeploymentPostprocessing = 0;
		};
/* End PBXCopyFilesBuildPhase section */

/* Begin PBXFileReference section */
		34B6D2AA2CCCD5B9008AE4BF /* MDCrypto.framework */ = {isa = PBXFileReference; explicitFileType = wrapper.framework; includeInIndex = 0; path = MDCrypto.framework; sourceTree = BUILT_PRODUCTS_DIR; };
		34B6D2AD2CCCD5B9008AE4BF /* MDCrypto.h */ = {isa = PBXFileReference; lastKnownFileType = sourcecode.c.h; path = MDCrypto.h; sourceTree = "<group>"; };
		34B6D2AE2CCCD5B9008AE4BF /* MDCrypto.docc */ = {isa = PBXFileReference; lastKnownFileType = folder.documentationcatalog; path = MDCrypto.docc; sourceTree = "<group>"; };
		34B6D2B42CCCD5B9008AE4BF /* MDCryptoTests.xctest */ = {isa = PBXFileReference; explicitFileType = wrapper.cfbundle; includeInIndex = 0; path = MDCryptoTests.xctest; sourceTree = BUILT_PRODUCTS_DIR; };
		34B6D2B92CCCD5B9008AE4BF /* MDCryptoTests.swift */ = {isa = PBXFileReference; lastKnownFileType = sourcecode.swift; path = MDCryptoTests.swift; sourceTree = "<group>"; };
		34B6D2EC2CCCD682008AE4BF /* MDCommon.framework */ = {isa = PBXFileReference; explicitFileType = wrapper.framework; path = MDCommon.framework; sourceTree = BUILT_PRODUCTS_DIR; };
		34B6D2F02CCCD6ED008AE4BF /* SecretBoxCryptography.swift */ = {isa = PBXFileReference; lastKnownFileType = sourcecode.swift; path = SecretBoxCryptography.swift; sourceTree = "<group>"; };
		34B6D2F22CCCD769008AE4BF /* CryptoAssembly.swift */ = {isa = PBXFileReference; lastKnownFileType = sourcecode.swift; path = CryptoAssembly.swift; sourceTree = "<group>"; };
		34B6D5102CCD2984008AE4BF /* MDFactory.framework */ = {isa = PBXFileReference; explicitFileType = wrapper.framework; path = MDFactory.framework; sourceTree = BUILT_PRODUCTS_DIR; };
		3BD7C36A631843B85AB839E5 /* Pods-MDCrypto.release.xcconfig */ = {isa = PBXFileReference; includeInIndex = 1; lastKnownFileType = text.xcconfig; name = "Pods-MDCrypto.release.xcconfig"; path = "Target Support Files/Pods-MDCrypto/Pods-MDCrypto.release.xcconfig"; sourceTree = "<group>"; };
		48436551AFE99E6CAA31F8AC /* Pods_MDCrypto_MDCryptoTests.framework */ = {isa = PBXFileReference; explicitFileType = wrapper.framework; includeInIndex = 0; path = Pods_MDCrypto_MDCryptoTests.framework; sourceTree = BUILT_PRODUCTS_DIR; };
		ADA16D4C68D2DB3B4147A69B /* Pods-MDCrypto.debug.xcconfig */ = {isa = PBXFileReference; includeInIndex = 1; lastKnownFileType = text.xcconfig; name = "Pods-MDCrypto.debug.xcconfig"; path = "Target Support Files/Pods-MDCrypto/Pods-MDCrypto.debug.xcconfig"; sourceTree = "<group>"; };
		B1F8324F3058BF16F1BED9F4 /* Pods_MDCrypto.framework */ = {isa = PBXFileReference; explicitFileType = wrapper.framework; includeInIndex = 0; path = Pods_MDCrypto.framework; sourceTree = BUILT_PRODUCTS_DIR; };
		D436DC4B5DC94217D9637A24 /* Pods-MDCrypto-MDCryptoTests.release.xcconfig */ = {isa = PBXFileReference; includeInIndex = 1; lastKnownFileType = text.xcconfig; name = "Pods-MDCrypto-MDCryptoTests.release.xcconfig"; path = "Target Support Files/Pods-MDCrypto-MDCryptoTests/Pods-MDCrypto-MDCryptoTests.release.xcconfig"; sourceTree = "<group>"; };
		EDBB74C87F826D16AAEA7DDC /* Pods-MDCrypto-MDCryptoTests.debug.xcconfig */ = {isa = PBXFileReference; includeInIndex = 1; lastKnownFileType = text.xcconfig; name = "Pods-MDCrypto-MDCryptoTests.debug.xcconfig"; path = "Target Support Files/Pods-MDCrypto-MDCryptoTests/Pods-MDCrypto-MDCryptoTests.debug.xcconfig"; sourceTree = "<group>"; };
/* End PBXFileReference section */

/* Begin PBXFrameworksBuildPhase section */
		34B6D2A72CCCD5B9008AE4BF /* Frameworks */ = {
			isa = PBXFrameworksBuildPhase;
			buildActionMask = 2147483647;
			files = (
				34B6D5112CCD2984008AE4BF /* MDFactory.framework in Frameworks */,
				8157A0EC84188C84E202A831 /* Pods_MDCrypto.framework in Frameworks */,
			);
			runOnlyForDeploymentPostprocessing = 0;
		};
		34B6D2B12CCCD5B9008AE4BF /* Frameworks */ = {
			isa = PBXFrameworksBuildPhase;
			buildActionMask = 2147483647;
			files = (
				34B6D2B52CCCD5B9008AE4BF /* MDCrypto.framework in Frameworks */,
				DE36FC78BEBA8B8F0A406EA3 /* Pods_MDCrypto_MDCryptoTests.framework in Frameworks */,
			);
			runOnlyForDeploymentPostprocessing = 0;
		};
/* End PBXFrameworksBuildPhase section */

/* Begin PBXGroup section */
		0A66017588BE7A364B6D5C53 /* Pods */ = {
			isa = PBXGroup;
			children = (
				ADA16D4C68D2DB3B4147A69B /* Pods-MDCrypto.debug.xcconfig */,
				3BD7C36A631843B85AB839E5 /* Pods-MDCrypto.release.xcconfig */,
				EDBB74C87F826D16AAEA7DDC /* Pods-MDCrypto-MDCryptoTests.debug.xcconfig */,
				D436DC4B5DC94217D9637A24 /* Pods-MDCrypto-MDCryptoTests.release.xcconfig */,
			);
			name = Pods;
			path = ../../App/Pods;
			sourceTree = "<group>";
		};
		34B6D2A02CCCD5B9008AE4BF = {
			isa = PBXGroup;
			children = (
				34B6D2AC2CCCD5B9008AE4BF /* MDCrypto */,
				34B6D2B82CCCD5B9008AE4BF /* MDCryptoTests */,
				34B6D2AB2CCCD5B9008AE4BF /* Products */,
				0A66017588BE7A364B6D5C53 /* Pods */,
				484E2712DC658551416E0DE6 /* Frameworks */,
			);
			sourceTree = "<group>";
		};
		34B6D2AB2CCCD5B9008AE4BF /* Products */ = {
			isa = PBXGroup;
			children = (
				34B6D2AA2CCCD5B9008AE4BF /* MDCrypto.framework */,
				34B6D2B42CCCD5B9008AE4BF /* MDCryptoTests.xctest */,
			);
			name = Products;
			sourceTree = "<group>";
		};
		34B6D2AC2CCCD5B9008AE4BF /* MDCrypto */ = {
			isa = PBXGroup;
			children = (
				34B6D2F22CCCD769008AE4BF /* CryptoAssembly.swift */,
				34B6D2F02CCCD6ED008AE4BF /* SecretBoxCryptography.swift */,
				34B6D2AE2CCCD5B9008AE4BF /* MDCrypto.docc */,
				34B6D2AD2CCCD5B9008AE4BF /* MDCrypto.h */,
			);
			path = MDCrypto;
			sourceTree = "<group>";
		};
		34B6D2B82CCCD5B9008AE4BF /* MDCryptoTests */ = {
			isa = PBXGroup;
			children = (
				34B6D2B92CCCD5B9008AE4BF /* MDCryptoTests.swift */,
			);
			path = MDCryptoTests;
			sourceTree = "<group>";
		};
		484E2712DC658551416E0DE6 /* Frameworks */ = {
			isa = PBXGroup;
			children = (
				34B6D5102CCD2984008AE4BF /* MDFactory.framework */,
				34B6D2EC2CCCD682008AE4BF /* MDCommon.framework */,
				B1F8324F3058BF16F1BED9F4 /* Pods_MDCrypto.framework */,
				48436551AFE99E6CAA31F8AC /* Pods_MDCrypto_MDCryptoTests.framework */,
			);
			name = Frameworks;
			sourceTree = "<group>";
		};
/* End PBXGroup section */

/* Begin PBXHeadersBuildPhase section */
		34B6D2A52CCCD5B9008AE4BF /* Headers */ = {
			isa = PBXHeadersBuildPhase;
			buildActionMask = 2147483647;
			files = (
				34B6D2BB2CCCD5B9008AE4BF /* MDCrypto.h in Headers */,
			);
			runOnlyForDeploymentPostprocessing = 0;
		};
/* End PBXHeadersBuildPhase section */

/* Begin PBXNativeTarget section */
		34B6D2A92CCCD5B9008AE4BF /* MDCrypto */ = {
			isa = PBXNativeTarget;
			buildConfigurationList = 34B6D2BE2CCCD5B9008AE4BF /* Build configuration list for PBXNativeTarget "MDCrypto" */;
			buildPhases = (
				F8CD7B23C20B884C8B4C7928 /* [CP] Check Pods Manifest.lock */,
				34B6D2A52CCCD5B9008AE4BF /* Headers */,
				34B6D2A62CCCD5B9008AE4BF /* Sources */,
				34B6D2A72CCCD5B9008AE4BF /* Frameworks */,
				34B6D2A82CCCD5B9008AE4BF /* Resources */,
				34B6D5132CCD2984008AE4BF /* Embed Frameworks */,
			);
			buildRules = (
			);
			dependencies = (
			);
			name = MDCrypto;
			productName = MDCrypto;
			productReference = 34B6D2AA2CCCD5B9008AE4BF /* MDCrypto.framework */;
			productType = "com.apple.product-type.framework";
		};
		34B6D2B32CCCD5B9008AE4BF /* MDCryptoTests */ = {
			isa = PBXNativeTarget;
			buildConfigurationList = 34B6D2C12CCCD5B9008AE4BF /* Build configuration list for PBXNativeTarget "MDCryptoTests" */;
			buildPhases = (
				1F5848FA32BCF91DE59FA42F /* [CP] Check Pods Manifest.lock */,
				34B6D2B02CCCD5B9008AE4BF /* Sources */,
				34B6D2B12CCCD5B9008AE4BF /* Frameworks */,
				34B6D2B22CCCD5B9008AE4BF /* Resources */,
				4AC1EA3BE1A9BEC36EF86546 /* [CP] Embed Pods Frameworks */,
			);
			buildRules = (
			);
			dependencies = (
				34B6D2B72CCCD5B9008AE4BF /* PBXTargetDependency */,
			);
			name = MDCryptoTests;
			productName = MDCryptoTests;
			productReference = 34B6D2B42CCCD5B9008AE4BF /* MDCryptoTests.xctest */;
			productType = "com.apple.product-type.bundle.unit-test";
		};
/* End PBXNativeTarget section */

/* Begin PBXProject section */
		34B6D2A12CCCD5B9008AE4BF /* Project object */ = {
			isa = PBXProject;
			attributes = {
				BuildIndependentTargetsInParallel = 1;
				LastSwiftUpdateCheck = 1540;
				LastUpgradeCheck = 1540;
				TargetAttributes = {
					34B6D2A92CCCD5B9008AE4BF = {
						CreatedOnToolsVersion = 15.4;
					};
					34B6D2B32CCCD5B9008AE4BF = {
						CreatedOnToolsVersion = 15.4;
					};
				};
			};
			buildConfigurationList = 34B6D2A42CCCD5B9008AE4BF /* Build configuration list for PBXProject "MDCrypto" */;
			compatibilityVersion = "Xcode 14.0";
			developmentRegion = en;
			hasScannedForEncodings = 0;
			knownRegions = (
				en,
				Base,
			);
			mainGroup = 34B6D2A02CCCD5B9008AE4BF;
			productRefGroup = 34B6D2AB2CCCD5B9008AE4BF /* Products */;
			projectDirPath = "";
			projectRoot = "";
			targets = (
				34B6D2A92CCCD5B9008AE4BF /* MDCrypto */,
				34B6D2B32CCCD5B9008AE4BF /* MDCryptoTests */,
			);
		};
/* End PBXProject section */

/* Begin PBXResourcesBuildPhase section */
		34B6D2A82CCCD5B9008AE4BF /* Resources */ = {
			isa = PBXResourcesBuildPhase;
			buildActionMask = 2147483647;
			files = (
			);
			runOnlyForDeploymentPostprocessing = 0;
		};
		34B6D2B22CCCD5B9008AE4BF /* Resources */ = {
			isa = PBXResourcesBuildPhase;
			buildActionMask = 2147483647;
			files = (
			);
			runOnlyForDeploymentPostprocessing = 0;
		};
/* End PBXResourcesBuildPhase section */

/* Begin PBXShellScriptBuildPhase section */
		1F5848FA32BCF91DE59FA42F /* [CP] Check Pods Manifest.lock */ = {
			isa = PBXShellScriptBuildPhase;
			buildActionMask = 2147483647;
			files = (
			);
			inputFileListPaths = (
			);
			inputPaths = (
				"${PODS_PODFILE_DIR_PATH}/Podfile.lock",
				"${PODS_ROOT}/Manifest.lock",
			);
			name = "[CP] Check Pods Manifest.lock";
			outputFileListPaths = (
			);
			outputPaths = (
				"$(DERIVED_FILE_DIR)/Pods-MDCrypto-MDCryptoTests-checkManifestLockResult.txt",
			);
			runOnlyForDeploymentPostprocessing = 0;
			shellPath = /bin/sh;
			shellScript = "diff \"${PODS_PODFILE_DIR_PATH}/Podfile.lock\" \"${PODS_ROOT}/Manifest.lock\" > /dev/null\nif [ $? != 0 ] ; then\n    # print error to STDERR\n    echo \"error: The sandbox is not in sync with the Podfile.lock. Run 'pod install' or update your CocoaPods installation.\" >&2\n    exit 1\nfi\n# This output is used by Xcode 'outputs' to avoid re-running this script phase.\necho \"SUCCESS\" > \"${SCRIPT_OUTPUT_FILE_0}\"\n";
			showEnvVarsInLog = 0;
		};
		4AC1EA3BE1A9BEC36EF86546 /* [CP] Embed Pods Frameworks */ = {
			isa = PBXShellScriptBuildPhase;
			buildActionMask = 2147483647;
			files = (
			);
			inputFileListPaths = (
				"${PODS_ROOT}/Target Support Files/Pods-MDCrypto-MDCryptoTests/Pods-MDCrypto-MDCryptoTests-frameworks-${CONFIGURATION}-input-files.xcfilelist",
			);
			name = "[CP] Embed Pods Frameworks";
			outputFileListPaths = (
				"${PODS_ROOT}/Target Support Files/Pods-MDCrypto-MDCryptoTests/Pods-MDCrypto-MDCryptoTests-frameworks-${CONFIGURATION}-output-files.xcfilelist",
			);
			runOnlyForDeploymentPostprocessing = 0;
			shellPath = /bin/sh;
			shellScript = "\"${PODS_ROOT}/Target Support Files/Pods-MDCrypto-MDCryptoTests/Pods-MDCrypto-MDCryptoTests-frameworks.sh\"\n";
			showEnvVarsInLog = 0;
		};
		F8CD7B23C20B884C8B4C7928 /* [CP] Check Pods Manifest.lock */ = {
			isa = PBXShellScriptBuildPhase;
			buildActionMask = 2147483647;
			files = (
			);
			inputFileListPaths = (
			);
			inputPaths = (
				"${PODS_PODFILE_DIR_PATH}/Podfile.lock",
				"${PODS_ROOT}/Manifest.lock",
			);
			name = "[CP] Check Pods Manifest.lock";
			outputFileListPaths = (
			);
			outputPaths = (
				"$(DERIVED_FILE_DIR)/Pods-MDCrypto-checkManifestLockResult.txt",
			);
			runOnlyForDeploymentPostprocessing = 0;
			shellPath = /bin/sh;
			shellScript = "diff \"${PODS_PODFILE_DIR_PATH}/Podfile.lock\" \"${PODS_ROOT}/Manifest.lock\" > /dev/null\nif [ $? != 0 ] ; then\n    # print error to STDERR\n    echo \"error: The sandbox is not in sync with the Podfile.lock. Run 'pod install' or update your CocoaPods installation.\" >&2\n    exit 1\nfi\n# This output is used by Xcode 'outputs' to avoid re-running this script phase.\necho \"SUCCESS\" > \"${SCRIPT_OUTPUT_FILE_0}\"\n";
			showEnvVarsInLog = 0;
		};
/* End PBXShellScriptBuildPhase section */

/* Begin PBXSourcesBuildPhase section */
		34B6D2A62CCCD5B9008AE4BF /* Sources */ = {
			isa = PBXSourcesBuildPhase;
			buildActionMask = 2147483647;
			files = (
				34B6D2F32CCCD769008AE4BF /* CryptoAssembly.swift in Sources */,
				34B6D2AF2CCCD5B9008AE4BF /* MDCrypto.docc in Sources */,
				34B6D2F12CCCD6ED008AE4BF /* SecretBoxCryptography.swift in Sources */,
			);
			runOnlyForDeploymentPostprocessing = 0;
		};
		34B6D2B02CCCD5B9008AE4BF /* Sources */ = {
			isa = PBXSourcesBuildPhase;
			buildActionMask = 2147483647;
			files = (
				34B6D2BA2CCCD5B9008AE4BF /* MDCryptoTests.swift in Sources */,
			);
			runOnlyForDeploymentPostprocessing = 0;
		};
/* End PBXSourcesBuildPhase section */

/* Begin PBXTargetDependency section */
		34B6D2B72CCCD5B9008AE4BF /* PBXTargetDependency */ = {
			isa = PBXTargetDependency;
			target = 34B6D2A92CCCD5B9008AE4BF /* MDCrypto */;
			targetProxy = 34B6D2B62CCCD5B9008AE4BF /* PBXContainerItemProxy */;
		};
/* End PBXTargetDependency section */

/* Begin XCBuildConfiguration section */
		34B6D2BC2CCCD5B9008AE4BF /* Debug */ = {
			isa = XCBuildConfiguration;
			buildSettings = {
				ALWAYS_SEARCH_USER_PATHS = NO;
				ASSETCATALOG_COMPILER_GENERATE_SWIFT_ASSET_SYMBOL_EXTENSIONS = YES;
				CLANG_ANALYZER_NONNULL = YES;
				CLANG_ANALYZER_NUMBER_OBJECT_CONVERSION = YES_AGGRESSIVE;
				CLANG_CXX_LANGUAGE_STANDARD = "gnu++20";
				CLANG_ENABLE_MODULES = YES;
				CLANG_ENABLE_OBJC_ARC = YES;
				CLANG_ENABLE_OBJC_WEAK = YES;
				CLANG_WARN_BLOCK_CAPTURE_AUTORELEASING = YES;
				CLANG_WARN_BOOL_CONVERSION = YES;
				CLANG_WARN_COMMA = YES;
				CLANG_WARN_CONSTANT_CONVERSION = YES;
				CLANG_WARN_DEPRECATED_OBJC_IMPLEMENTATIONS = YES;
				CLANG_WARN_DIRECT_OBJC_ISA_USAGE = YES_ERROR;
				CLANG_WARN_DOCUMENTATION_COMMENTS = YES;
				CLANG_WARN_EMPTY_BODY = YES;
				CLANG_WARN_ENUM_CONVERSION = YES;
				CLANG_WARN_INFINITE_RECURSION = YES;
				CLANG_WARN_INT_CONVERSION = YES;
				CLANG_WARN_NON_LITERAL_NULL_CONVERSION = YES;
				CLANG_WARN_OBJC_IMPLICIT_RETAIN_SELF = YES;
				CLANG_WARN_OBJC_LITERAL_CONVERSION = YES;
				CLANG_WARN_OBJC_ROOT_CLASS = YES_ERROR;
				CLANG_WARN_QUOTED_INCLUDE_IN_FRAMEWORK_HEADER = YES;
				CLANG_WARN_RANGE_LOOP_ANALYSIS = YES;
				CLANG_WARN_STRICT_PROTOTYPES = YES;
				CLANG_WARN_SUSPICIOUS_MOVE = YES;
				CLANG_WARN_UNGUARDED_AVAILABILITY = YES_AGGRESSIVE;
				CLANG_WARN_UNREACHABLE_CODE = YES;
				CLANG_WARN__DUPLICATE_METHOD_MATCH = YES;
				COPY_PHASE_STRIP = NO;
				CURRENT_PROJECT_VERSION = 1;
				DEBUG_INFORMATION_FORMAT = dwarf;
				ENABLE_STRICT_OBJC_MSGSEND = YES;
				ENABLE_TESTABILITY = YES;
				ENABLE_USER_SCRIPT_SANDBOXING = YES;
				GCC_C_LANGUAGE_STANDARD = gnu17;
				GCC_DYNAMIC_NO_PIC = NO;
				GCC_NO_COMMON_BLOCKS = YES;
				GCC_OPTIMIZATION_LEVEL = 0;
				GCC_PREPROCESSOR_DEFINITIONS = (
					"DEBUG=1",
					"$(inherited)",
				);
				GCC_WARN_64_TO_32_BIT_CONVERSION = YES;
				GCC_WARN_ABOUT_RETURN_TYPE = YES_ERROR;
				GCC_WARN_UNDECLARED_SELECTOR = YES;
				GCC_WARN_UNINITIALIZED_AUTOS = YES_AGGRESSIVE;
				GCC_WARN_UNUSED_FUNCTION = YES;
				GCC_WARN_UNUSED_VARIABLE = YES;
				IPHONEOS_DEPLOYMENT_TARGET = 17.5;
				LOCALIZATION_PREFERS_STRING_CATALOGS = YES;
				MTL_ENABLE_DEBUG_INFO = INCLUDE_SOURCE;
				MTL_FAST_MATH = YES;
				ONLY_ACTIVE_ARCH = YES;
				SDKROOT = iphoneos;
				SWIFT_ACTIVE_COMPILATION_CONDITIONS = "DEBUG $(inherited)";
				SWIFT_OPTIMIZATION_LEVEL = "-Onone";
				VERSIONING_SYSTEM = "apple-generic";
				VERSION_INFO_PREFIX = "";
			};
			name = Debug;
		};
		34B6D2BD2CCCD5B9008AE4BF /* Release */ = {
			isa = XCBuildConfiguration;
			buildSettings = {
				ALWAYS_SEARCH_USER_PATHS = NO;
				ASSETCATALOG_COMPILER_GENERATE_SWIFT_ASSET_SYMBOL_EXTENSIONS = YES;
				CLANG_ANALYZER_NONNULL = YES;
				CLANG_ANALYZER_NUMBER_OBJECT_CONVERSION = YES_AGGRESSIVE;
				CLANG_CXX_LANGUAGE_STANDARD = "gnu++20";
				CLANG_ENABLE_MODULES = YES;
				CLANG_ENABLE_OBJC_ARC = YES;
				CLANG_ENABLE_OBJC_WEAK = YES;
				CLANG_WARN_BLOCK_CAPTURE_AUTORELEASING = YES;
				CLANG_WARN_BOOL_CONVERSION = YES;
				CLANG_WARN_COMMA = YES;
				CLANG_WARN_CONSTANT_CONVERSION = YES;
				CLANG_WARN_DEPRECATED_OBJC_IMPLEMENTATIONS = YES;
				CLANG_WARN_DIRECT_OBJC_ISA_USAGE = YES_ERROR;
				CLANG_WARN_DOCUMENTATION_COMMENTS = YES;
				CLANG_WARN_EMPTY_BODY = YES;
				CLANG_WARN_ENUM_CONVERSION = YES;
				CLANG_WARN_INFINITE_RECURSION = YES;
				CLANG_WARN_INT_CONVERSION = YES;
				CLANG_WARN_NON_LITERAL_NULL_CONVERSION = YES;
				CLANG_WARN_OBJC_IMPLICIT_RETAIN_SELF = YES;
				CLANG_WARN_OBJC_LITERAL_CONVERSION = YES;
				CLANG_WARN_OBJC_ROOT_CLASS = YES_ERROR;
				CLANG_WARN_QUOTED_INCLUDE_IN_FRAMEWORK_HEADER = YES;
				CLANG_WARN_RANGE_LOOP_ANALYSIS = YES;
				CLANG_WARN_STRICT_PROTOTYPES = YES;
				CLANG_WARN_SUSPICIOUS_MOVE = YES;
				CLANG_WARN_UNGUARDED_AVAILABILITY = YES_AGGRESSIVE;
				CLANG_WARN_UNREACHABLE_CODE = YES;
				CLANG_WARN__DUPLICATE_METHOD_MATCH = YES;
				COPY_PHASE_STRIP = NO;
				CURRENT_PROJECT_VERSION = 1;
				DEBUG_INFORMATION_FORMAT = "dwarf-with-dsym";
				ENABLE_NS_ASSERTIONS = NO;
				ENABLE_STRICT_OBJC_MSGSEND = YES;
				ENABLE_USER_SCRIPT_SANDBOXING = YES;
				GCC_C_LANGUAGE_STANDARD = gnu17;
				GCC_NO_COMMON_BLOCKS = YES;
				GCC_WARN_64_TO_32_BIT_CONVERSION = YES;
				GCC_WARN_ABOUT_RETURN_TYPE = YES_ERROR;
				GCC_WARN_UNDECLARED_SELECTOR = YES;
				GCC_WARN_UNINITIALIZED_AUTOS = YES_AGGRESSIVE;
				GCC_WARN_UNUSED_FUNCTION = YES;
				GCC_WARN_UNUSED_VARIABLE = YES;
				IPHONEOS_DEPLOYMENT_TARGET = 17.5;
				LOCALIZATION_PREFERS_STRING_CATALOGS = YES;
				MTL_ENABLE_DEBUG_INFO = NO;
				MTL_FAST_MATH = YES;
				SDKROOT = iphoneos;
				SWIFT_COMPILATION_MODE = wholemodule;
				VALIDATE_PRODUCT = YES;
				VERSIONING_SYSTEM = "apple-generic";
				VERSION_INFO_PREFIX = "";
			};
			name = Release;
		};
		34B6D2BF2CCCD5B9008AE4BF /* Debug */ = {
			isa = XCBuildConfiguration;
			baseConfigurationReference = ADA16D4C68D2DB3B4147A69B /* Pods-MDCrypto.debug.xcconfig */;
			buildSettings = {
				BUILD_LIBRARY_FOR_DISTRIBUTION = NO;
				CODE_SIGN_STYLE = Automatic;
				CURRENT_PROJECT_VERSION = 1;
				DEFINES_MODULE = YES;
				DEVELOPMENT_TEAM = 3ATXW43MG6;
				DYLIB_COMPATIBILITY_VERSION = 1;
				DYLIB_CURRENT_VERSION = 1;
				DYLIB_INSTALL_NAME_BASE = "@rpath";
				ENABLE_MODULE_VERIFIER = NO;
				"EXCLUDED_ARCHS[sdk=iphonesimulator*]" = arm64;
				GENERATE_INFOPLIST_FILE = YES;
				INFOPLIST_KEY_NSHumanReadableCopyright = "";
				INSTALL_PATH = "$(LOCAL_LIBRARY_DIR)/Frameworks";
				LD_RUNPATH_SEARCH_PATHS = (
					"$(inherited)",
					"@executable_path/Frameworks",
					"@loader_path/Frameworks",
				);
				MARKETING_VERSION = 1.0;
				MODULE_VERIFIER_SUPPORTED_LANGUAGES = "objective-c objective-c++";
				MODULE_VERIFIER_SUPPORTED_LANGUAGE_STANDARDS = "gnu17 gnu++20";
				PRODUCT_BUNDLE_IDENTIFIER = com.prongbang.MDCrypto;
				PRODUCT_NAME = "$(TARGET_NAME:c99extidentifier)";
				SKIP_INSTALL = YES;
				SWIFT_EMIT_LOC_STRINGS = YES;
				SWIFT_INSTALL_OBJC_HEADER = NO;
				SWIFT_VERSION = 5.0;
				TARGETED_DEVICE_FAMILY = "1,2";
			};
			name = Debug;
		};
		34B6D2C02CCCD5B9008AE4BF /* Release */ = {
			isa = XCBuildConfiguration;
			baseConfigurationReference = 3BD7C36A631843B85AB839E5 /* Pods-MDCrypto.release.xcconfig */;
			buildSettings = {
				BUILD_LIBRARY_FOR_DISTRIBUTION = NO;
				CODE_SIGN_STYLE = Automatic;
				CURRENT_PROJECT_VERSION = 1;
				DEFINES_MODULE = YES;
				DEVELOPMENT_TEAM = 3ATXW43MG6;
				DYLIB_COMPATIBILITY_VERSION = 1;
				DYLIB_CURRENT_VERSION = 1;
				DYLIB_INSTALL_NAME_BASE = "@rpath";
				ENABLE_MODULE_VERIFIER = NO;
				"EXCLUDED_ARCHS[sdk=iphonesimulator*]" = arm64;
				GENERATE_INFOPLIST_FILE = YES;
				INFOPLIST_KEY_NSHumanReadableCopyright = "";
				INSTALL_PATH = "$(LOCAL_LIBRARY_DIR)/Frameworks";
				LD_RUNPATH_SEARCH_PATHS = (
					"$(inherited)",
					"@executable_path/Frameworks",
					"@loader_path/Frameworks",
				);
				MARKETING_VERSION = 1.0;
				MODULE_VERIFIER_SUPPORTED_LANGUAGES = "objective-c objective-c++";
				MODULE_VERIFIER_SUPPORTED_LANGUAGE_STANDARDS = "gnu17 gnu++20";
				PRODUCT_BUNDLE_IDENTIFIER = com.prongbang.MDCrypto;
				PRODUCT_NAME = "$(TARGET_NAME:c99extidentifier)";
				SKIP_INSTALL = YES;
				SWIFT_EMIT_LOC_STRINGS = YES;
				SWIFT_INSTALL_OBJC_HEADER = NO;
				SWIFT_VERSION = 5.0;
				TARGETED_DEVICE_FAMILY = "1,2";
			};
			name = Release;
		};
		34B6D2C22CCCD5B9008AE4BF /* Debug */ = {
			isa = XCBuildConfiguration;
			baseConfigurationReference = EDBB74C87F826D16AAEA7DDC /* Pods-MDCrypto-MDCryptoTests.debug.xcconfig */;
			buildSettings = {
				ALWAYS_EMBED_SWIFT_STANDARD_LIBRARIES = YES;
				CODE_SIGN_STYLE = Automatic;
				CURRENT_PROJECT_VERSION = 1;
				DEVELOPMENT_TEAM = 3ATXW43MG6;
				GENERATE_INFOPLIST_FILE = YES;
				MARKETING_VERSION = 1.0;
				PRODUCT_BUNDLE_IDENTIFIER = com.prongbang.MDCryptoTests;
				PRODUCT_NAME = "$(TARGET_NAME)";
				SWIFT_EMIT_LOC_STRINGS = NO;
				SWIFT_VERSION = 5.0;
				TARGETED_DEVICE_FAMILY = "1,2";
			};
			name = Debug;
		};
		34B6D2C32CCCD5B9008AE4BF /* Release */ = {
			isa = XCBuildConfiguration;
			baseConfigurationReference = D436DC4B5DC94217D9637A24 /* Pods-MDCrypto-MDCryptoTests.release.xcconfig */;
			buildSettings = {
				ALWAYS_EMBED_SWIFT_STANDARD_LIBRARIES = YES;
				CODE_SIGN_STYLE = Automatic;
				CURRENT_PROJECT_VERSION = 1;
				DEVELOPMENT_TEAM = 3ATXW43MG6;
				GENERATE_INFOPLIST_FILE = YES;
				MARKETING_VERSION = 1.0;
				PRODUCT_BUNDLE_IDENTIFIER = com.prongbang.MDCryptoTests;
				PRODUCT_NAME = "$(TARGET_NAME)";
				SWIFT_EMIT_LOC_STRINGS = NO;
				SWIFT_VERSION = 5.0;
				TARGETED_DEVICE_FAMILY = "1,2";
			};
			name = Release;
		};
/* End XCBuildConfiguration section */

/* Begin XCConfigurationList section */
		34B6D2A42CCCD5B9008AE4BF /* Build configuration list for PBXProject "MDCrypto" */ = {
			isa = XCConfigurationList;
			buildConfigurations = (
				34B6D2BC2CCCD5B9008AE4BF /* Debug */,
				34B6D2BD2CCCD5B9008AE4BF /* Release */,
			);
			defaultConfigurationIsVisible = 0;
			defaultConfigurationName = Release;
		};
		34B6D2BE2CCCD5B9008AE4BF /* Build configuration list for PBXNativeTarget "MDCrypto" */ = {
			isa = XCConfigurationList;
			buildConfigurations = (
				34B6D2BF2CCCD5B9008AE4BF /* Debug */,
				34B6D2C02CCCD5B9008AE4BF /* Release */,
			);
			defaultConfigurationIsVisible = 0;
			defaultConfigurationName = Release;
		};
		34B6D2C12CCCD5B9008AE4BF /* Build configuration list for PBXNativeTarget "MDCryptoTests" */ = {
			isa = XCConfigurationList;
			buildConfigurations = (
				34B6D2C22CCCD5B9008AE4BF /* Debug */,
				34B6D2C32CCCD5B9008AE4BF /* Release */,
			);
			defaultConfigurationIsVisible = 0;
			defaultConfigurationName = Release;
		};
/* End XCConfigurationList section */
	};
	rootObject = 34B6D2A12CCCD5B9008AE4BF /* Project object */;
}
